
Microsoft Visual Studio Solution File, Format Version 12.00
# Visual Studio Version 17
VisualStudioVersion = 17.9.34728.123
MinimumVisualStudioVersion = 10.0.40219.1
Project("{FAE04EC0-301F-11D3-BF4B-00C04F79EFBC}") = "BLE_Debugger", "BLE_Debugger.csproj", "{145CF500-DF9C-4FFC-A4DB-38379AA3E219}"
EndProject
Global
	GlobalSection(SolutionConfigurationPlatforms) = preSolution
		Debug|Any CPU = Debug|Any CPU
		Release|Any CPU = Release|Any CPU
	EndGlobalSection
	GlobalSection(ProjectConfigurationPlatforms) = postSolution
		{145CF500-DF9C-4FFC-A4DB-38379AA3E219}.Debug|Any CPU.ActiveCfg = Debug|Any CPU
		{145CF500-DF9C-4FFC-A4DB-38379AA3E219}.Debug|Any CPU.Build.0 = Debug|Any CPU
		{145CF500-DF9C-4FFC-A4DB-38379AA3E219}.Release|Any CPU.ActiveCfg = Release|Any CPU
		{145CF500-DF9C-4FFC-A4DB-38379AA3E219}.Release|Any CPU.Build.0 = Release|Any CPU
	EndGlobalSection
	GlobalSection(SolutionProperties) = preSolution
		HideSolutionNode = FALSE
	EndGlobalSection
	GlobalSection(ExtensibilityGlobals) = postSolution
		SolutionGuid = {17883ED0-5252-4908-B097-A5F9B421C1DD}
	EndGlobalSection
EndGlobal
